{
    "_meta": {
        "hash": {
            "sha256": "08393aad21153fa62d10d05d4e3a2e9797aa0449f1a574b9becf3146163a1fa0"
        },
        "pipfile-spec": 6,
        "requires": {
            "python_version": "3.8"
        },
        "sources": [
            {
                "name": "pypi",
                "url": "https://pypi.org/simple",
                "verify_ssl": true
            }
        ]
    },
    "default": {
        "leverj-ordersigner-daemon": {
            "editable": true,
            "path": "."
        }
    },
    "develop": {}
}
